
Microsoft Visual Studio Solution File, Format Version 12.00
# Visual Studio Version 16
VisualStudioVersion = 16.0.29503.13
MinimumVisualStudioVersion = 10.0.40219.1
Project("{FAE04EC0-301F-11D3-BF4B-00C04F79EFBC}") = "GitWatch.Api", "GitWatch.Api\GitWatch.Api.csproj", "{959B85FA-3F20-4D99-8EB1-EEFC620CCB44}"
EndProject
Project("{FAE04EC0-301F-11D3-BF4B-00C04F79EFBC}") = "GitWatch.Domain", "GitWatch.Domain\GitWatch.Domain.csproj", "{C634DF76-7C6C-4326-AA17-A767AAF840DF}"
EndProject
Project("{FAE04EC0-301F-11D3-BF4B-00C04F79EFBC}") = "GitWatch.Data", "GitWatch.Data\GitWatch.Data.csproj", "{B1C0A486-622A-424F-8E43-2DB2EE7A70F9}"
EndProject
Global
	GlobalSection(SolutionConfigurationPlatforms) = preSolution
		Debug|Any CPU = Debug|Any CPU
		Release|Any CPU = Release|Any CPU
	EndGlobalSection
	GlobalSection(ProjectConfigurationPlatforms) = postSolution
		{959B85FA-3F20-4D99-8EB1-EEFC620CCB44}.Debug|Any CPU.ActiveCfg = Debug|Any CPU
		{959B85FA-3F20-4D99-8EB1-EEFC620CCB44}.Debug|Any CPU.Build.0 = Debug|Any CPU
		{959B85FA-3F20-4D99-8EB1-EEFC620CCB44}.Release|Any CPU.ActiveCfg = Release|Any CPU
		{959B85FA-3F20-4D99-8EB1-EEFC620CCB44}.Release|Any CPU.Build.0 = Release|Any CPU
		{C634DF76-7C6C-4326-AA17-A767AAF840DF}.Debug|Any CPU.ActiveCfg = Debug|Any CPU
		{C634DF76-7C6C-4326-AA17-A767AAF840DF}.Debug|Any CPU.Build.0 = Debug|Any CPU
		{C634DF76-7C6C-4326-AA17-A767AAF840DF}.Release|Any CPU.ActiveCfg = Release|Any CPU
		{C634DF76-7C6C-4326-AA17-A767AAF840DF}.Release|Any CPU.Build.0 = Release|Any CPU
		{B1C0A486-622A-424F-8E43-2DB2EE7A70F9}.Debug|Any CPU.ActiveCfg = Debug|Any CPU
		{B1C0A486-622A-424F-8E43-2DB2EE7A70F9}.Debug|Any CPU.Build.0 = Debug|Any CPU
		{B1C0A486-622A-424F-8E43-2DB2EE7A70F9}.Release|Any CPU.ActiveCfg = Release|Any CPU
		{B1C0A486-622A-424F-8E43-2DB2EE7A70F9}.Release|Any CPU.Build.0 = Release|Any CPU
	EndGlobalSection
	GlobalSection(SolutionProperties) = preSolution
		HideSolutionNode = FALSE
	EndGlobalSection
	GlobalSection(ExtensibilityGlobals) = postSolution
		SolutionGuid = {16EC71C3-EBC6-4A6D-BB66-C835D025D5CF}
	EndGlobalSection
EndGlobal
